
Microsoft Visual Studio Solution File, Format Version 12.00
# Visual Studio Version 17
VisualStudioVersion = 17.11.35312.102
MinimumVisualStudioVersion = 10.0.40219.1
Project("{FAE04EC0-301F-11D3-BF4B-00C04F79EFBC}") = "Rimpsyche_Sexuality", "Rimpsyche_Sexuality.csproj", "{EDC289FA-7926-4DE1-9A41-54B168E50028}"
EndProject
Project("{FAE04EC0-301F-11D3-BF4B-00C04F79EFBC}") = "Rimpsyche_RJW_Compat", "..\Rimpsyche_RJW_Compat\Rimpsyche_RJW_Compat.csproj", "{CCC88D4C-B2B8-41AF-81F1-FB4F8293C364}"
EndProject
Global
	GlobalSection(SolutionConfigurationPlatforms) = preSolution
		Debug|Any CPU = Debug|Any CPU
		Release|Any CPU = Release|Any CPU
	EndGlobalSection
	GlobalSection(ProjectConfigurationPlatforms) = postSolution
		{EDC289FA-7926-4DE1-9A41-54B168E50028}.Debug|Any CPU.ActiveCfg = Debug|Any CPU
		{EDC289FA-7926-4DE1-9A41-54B168E50028}.Debug|Any CPU.Build.0 = Debug|Any CPU
		{EDC289FA-7926-4DE1-9A41-54B168E50028}.Release|Any CPU.ActiveCfg = Release|Any CPU
		{EDC289FA-7926-4DE1-9A41-54B168E50028}.Release|Any CPU.Build.0 = Release|Any CPU
		{CCC88D4C-B2B8-41AF-81F1-FB4F8293C364}.Debug|Any CPU.ActiveCfg = Debug|Any CPU
		{CCC88D4C-B2B8-41AF-81F1-FB4F8293C364}.Debug|Any CPU.Build.0 = Debug|Any CPU
		{CCC88D4C-B2B8-41AF-81F1-FB4F8293C364}.Release|Any CPU.ActiveCfg = Release|Any CPU
		{CCC88D4C-B2B8-41AF-81F1-FB4F8293C364}.Release|Any CPU.Build.0 = Release|Any CPU
	EndGlobalSection
	GlobalSection(SolutionProperties) = preSolution
		HideSolutionNode = FALSE
	EndGlobalSection
	GlobalSection(ExtensibilityGlobals) = postSolution
		SolutionGuid = {589E0B35-67FC-4012-A871-D585533B2EF9}
	EndGlobalSection
EndGlobal
